// !$*UTF8*$!
{
	archiveVersion = 1;
	classes = {
	};
	objectVersion = 46;
	objects = {

/* Begin PBXBuildFile section */
		248FF78467B5B4643DCE2CCD /* Pods_Bosque.framework in Frameworks */ = {isa = PBXBuildFile; fileRef = 297126122140D655D53C5FF5 /* Pods_Bosque.framework */; };
		7F6CB2DC017E52BC4656E60B /* Pods_BosqueUITests.framework in Frameworks */ = {isa = PBXBuildFile; fileRef = 8960BE83C62D28F698B4FED4 /* Pods_BosqueUITests.framework */; };
		8C18EE9F1F34238C00F5D14D /* AppDelegate.swift in Sources */ = {isa = PBXBuildFile; fileRef = 8C18EE9E1F34238C00F5D14D /* AppDelegate.swift */; };
		8C18EEA41F34238C00F5D14D /* Main.storyboard in Resources */ = {isa = PBXBuildFile; fileRef = 8C18EEA21F34238C00F5D14D /* Main.storyboard */; };
		8C18EEA61F34238C00F5D14D /* Assets.xcassets in Resources */ = {isa = PBXBuildFile; fileRef = 8C18EEA51F34238C00F5D14D /* Assets.xcassets */; };
		8C18EEA91F34238C00F5D14D /* LaunchScreen.storyboard in Resources */ = {isa = PBXBuildFile; fileRef = 8C18EEA71F34238C00F5D14D /* LaunchScreen.storyboard */; };
		8C18EEB41F34238D00F5D14D /* BosqueTests.swift in Sources */ = {isa = PBXBuildFile; fileRef = 8C18EEB31F34238D00F5D14D /* BosqueTests.swift */; };
		8C18EEBF1F34238D00F5D14D /* BosqueUITests.swift in Sources */ = {isa = PBXBuildFile; fileRef = 8C18EEBE1F34238D00F5D14D /* BosqueUITests.swift */; };
		8C18EECF1F45315F00F5D14D /* Globals.swift in Sources */ = {isa = PBXBuildFile; fileRef = 8C18EECE1F45315F00F5D14D /* Globals.swift */; };
		8C18EED21F4535CA00F5D14D /* Constants.swift in Sources */ = {isa = PBXBuildFile; fileRef = 8C18EED11F4535CA00F5D14D /* Constants.swift */; };
		8C18EED51F454ADA00F5D14D /* Identity.swift in Sources */ = {isa = PBXBuildFile; fileRef = 8C18EED41F454ADA00F5D14D /* Identity.swift */; };
		8C18EED81F46A9BA00F5D14D /* LoginViewController.swift in Sources */ = {isa = PBXBuildFile; fileRef = 8C18EED71F46A9BA00F5D14D /* LoginViewController.swift */; };
		8C18EEDD1F46AAD500F5D14D /* UIColor.swift in Sources */ = {isa = PBXBuildFile; fileRef = 8C18EEDC1F46AAD500F5D14D /* UIColor.swift */; };
		8C18EEE11F46ABC400F5D14D /* SmsViewController.swift in Sources */ = {isa = PBXBuildFile; fileRef = 8C18EEE01F46ABC400F5D14D /* SmsViewController.swift */; };
		8C18EEE41F4A435900F5D14D /* Autenticacao.swift in Sources */ = {isa = PBXBuildFile; fileRef = 8C18EEE31F4A435900F5D14D /* Autenticacao.swift */; };
		8C18EEE61F4A441300F5D14D /* User.swift in Sources */ = {isa = PBXBuildFile; fileRef = 8C18EEE51F4A441300F5D14D /* User.swift */; };
		8C18EEE81F4A45A000F5D14D /* Dependente.swift in Sources */ = {isa = PBXBuildFile; fileRef = 8C18EEE71F4A45A000F5D14D /* Dependente.swift */; };
		8C18EEEB1F4A46D800F5D14D /* Buscando.swift in Sources */ = {isa = PBXBuildFile; fileRef = 8C18EEEA1F4A46D800F5D14D /* Buscando.swift */; };
		8C18EEED1F4A476500F5D14D /* Calendario.swift in Sources */ = {isa = PBXBuildFile; fileRef = 8C18EEEC1F4A476500F5D14D /* Calendario.swift */; };
		8C18EEEF1F4A47C700F5D14D /* Comunicado.swift in Sources */ = {isa = PBXBuildFile; fileRef = 8C18EEEE1F4A47C700F5D14D /* Comunicado.swift */; };
		8C18EEF11F4A485200F5D14D /* Formulario.swift in Sources */ = {isa = PBXBuildFile; fileRef = 8C18EEF01F4A485200F5D14D /* Formulario.swift */; };
		8C18EEF31F4A48EA00F5D14D /* OneSignalResult.swift in Sources */ = {isa = PBXBuildFile; fileRef = 8C18EEF21F4A48EA00F5D14D /* OneSignalResult.swift */; };
		8C18EEF51F4A493400F5D14D /* Recado.swift in Sources */ = {isa = PBXBuildFile; fileRef = 8C18EEF41F4A493400F5D14D /* Recado.swift */; };
		8C18EEF71F4A4ACD00F5D14D /* Sway.swift in Sources */ = {isa = PBXBuildFile; fileRef = 8C18EEF61F4A4ACD00F5D14D /* Sway.swift */; };
		8C18EEFA1F4A5A5B00F5D14D /* ToastView.swift in Sources */ = {isa = PBXBuildFile; fileRef = 8C18EEF91F4A5A5B00F5D14D /* ToastView.swift */; };
		8C18EEFC1F4A769C00F5D14D /* BaseViewController.swift in Sources */ = {isa = PBXBuildFile; fileRef = 8C18EEFB1F4A769C00F5D14D /* BaseViewController.swift */; };
		8C18EEFE1F4A8AFB00F5D14D /* MainViewController.swift in Sources */ = {isa = PBXBuildFile; fileRef = 8C18EEFD1F4A8AFB00F5D14D /* MainViewController.swift */; };
		8C2728B51F6F5E380048750C /* LocationController.swift in Sources */ = {isa = PBXBuildFile; fileRef = 8C2728B41F6F5E380048750C /* LocationController.swift */; };
		8C8BDB801F6A21E0009D4CD7 /* BasicLocation.swift in Sources */ = {isa = PBXBuildFile; fileRef = 8C8BDB7F1F6A21E0009D4CD7 /* BasicLocation.swift */; };
		8CA69BD81F4FE07B0000B348 /* Menu.swift in Sources */ = {isa = PBXBuildFile; fileRef = 8CA69BD71F4FE07B0000B348 /* Menu.swift */; };
		8CA69BDC1F4FE0D70000B348 /* Menu.xib in Resources */ = {isa = PBXBuildFile; fileRef = 8CA69BDA1F4FE0D70000B348 /* Menu.xib */; };
		8CA69BDE1F53B4370000B348 /* CalendarioViewController.swift in Sources */ = {isa = PBXBuildFile; fileRef = 8CA69BDD1F53B4370000B348 /* CalendarioViewController.swift */; };
		8CA69BE01F53B5AA0000B348 /* MensagensViewController.swift in Sources */ = {isa = PBXBuildFile; fileRef = 8CA69BDF1F53B5AA0000B348 /* MensagensViewController.swift */; };
		8CA69BE21F53B5BB0000B348 /* SwayViewController.swift in Sources */ = {isa = PBXBuildFile; fileRef = 8CA69BE11F53B5BB0000B348 /* SwayViewController.swift */; };
		8CA69BE41F53B5C80000B348 /* FormsViewController.swift in Sources */ = {isa = PBXBuildFile; fileRef = 8CA69BE31F53B5C80000B348 /* FormsViewController.swift */; };
		8CA69BE61F53B5D70000B348 /* EstouChegandoViewController.swift in Sources */ = {isa = PBXBuildFile; fileRef = 8CA69BE51F53B5D70000B348 /* EstouChegandoViewController.swift */; };
		8CA69BE81F566BB20000B348 /* Listable.swift in Sources */ = {isa = PBXBuildFile; fileRef = 8CA69BE71F566BB20000B348 /* Listable.swift */; };
		8CA69BEA1F579B670000B348 /* VerticalAlignLabel.swift in Sources */ = {isa = PBXBuildFile; fileRef = 8CA69BE91F579B670000B348 /* VerticalAlignLabel.swift */; };
		8CA69BEC1F57C7E80000B348 /* WebViewController.swift in Sources */ = {isa = PBXBuildFile; fileRef = 8CA69BEB1F57C7E80000B348 /* WebViewController.swift */; };
		A061080F91CC3D6E969964F2 /* Pods_BosqueTests.framework in Frameworks */ = {isa = PBXBuildFile; fileRef = 0657049CC039BF5D15A47B3B /* Pods_BosqueTests.framework */; };
/* End PBXBuildFile section */

/* Begin PBXContainerItemProxy section */
		8C18EEB01F34238D00F5D14D /* PBXContainerItemProxy */ = {
			isa = PBXContainerItemProxy;
			containerPortal = 8C18EE931F34238B00F5D14D /* Project object */;
			proxyType = 1;
			remoteGlobalIDString = 8C18EE9A1F34238B00F5D14D;
			remoteInfo = Bosque;
		};
		8C18EEBB1F34238D00F5D14D /* PBXContainerItemProxy */ = {
			isa = PBXContainerItemProxy;
			containerPortal = 8C18EE931F34238B00F5D14D /* Project object */;
			proxyType = 1;
			remoteGlobalIDString = 8C18EE9A1F34238B00F5D14D;
			remoteInfo = Bosque;
		};
/* End PBXContainerItemProxy section */

/* Begin PBXFileReference section */
		0657049CC039BF5D15A47B3B /* Pods_BosqueTests.framework */ = {isa = PBXFileReference; explicitFileType = wrapper.framework; includeInIndex = 0; path = Pods_BosqueTests.framework; sourceTree = BUILT_PRODUCTS_DIR; };
		297126122140D655D53C5FF5 /* Pods_Bosque.framework */ = {isa = PBXFileReference; explicitFileType = wrapper.framework; includeInIndex = 0; path = Pods_Bosque.framework; sourceTree = BUILT_PRODUCTS_DIR; };
		2D26C887141AE26571DAC9ED /* Pods-Bosque.release.xcconfig */ = {isa = PBXFileReference; includeInIndex = 1; lastKnownFileType = text.xcconfig; name = "Pods-Bosque.release.xcconfig"; path = "Pods/Target Support Files/Pods-Bosque/Pods-Bosque.release.xcconfig"; sourceTree = "<group>"; };
		306EFE865525595B347D6DEB /* Pods-BosqueTests.release.xcconfig */ = {isa = PBXFileReference; includeInIndex = 1; lastKnownFileType = text.xcconfig; name = "Pods-BosqueTests.release.xcconfig"; path = "Pods/Target Support Files/Pods-BosqueTests/Pods-BosqueTests.release.xcconfig"; sourceTree = "<group>"; };
		41D9BC7F11B987AB0CEF0E54 /* Pods-BosqueUITests.release.xcconfig */ = {isa = PBXFileReference; includeInIndex = 1; lastKnownFileType = text.xcconfig; name = "Pods-BosqueUITests.release.xcconfig"; path = "Pods/Target Support Files/Pods-BosqueUITests/Pods-BosqueUITests.release.xcconfig"; sourceTree = "<group>"; };
		872DDFF31F87DCA400F7AE71 /* Bosque.entitlements */ = {isa = PBXFileReference; lastKnownFileType = text.plist.entitlements; path = Bosque.entitlements; sourceTree = "<group>"; };
		8960BE83C62D28F698B4FED4 /* Pods_BosqueUITests.framework */ = {isa = PBXFileReference; explicitFileType = wrapper.framework; includeInIndex = 0; path = Pods_BosqueUITests.framework; sourceTree = BUILT_PRODUCTS_DIR; };
		8C18EE9B1F34238B00F5D14D /* Bosque.app */ = {isa = PBXFileReference; explicitFileType = wrapper.application; includeInIndex = 0; path = Bosque.app; sourceTree = BUILT_PRODUCTS_DIR; };
		8C18EE9E1F34238C00F5D14D /* AppDelegate.swift */ = {isa = PBXFileReference; lastKnownFileType = sourcecode.swift; path = AppDelegate.swift; sourceTree = "<group>"; };
		8C18EEA31F34238C00F5D14D /* Base */ = {isa = PBXFileReference; lastKnownFileType = file.storyboard; name = Base; path = Base.lproj/Main.storyboard; sourceTree = "<group>"; };
		8C18EEA51F34238C00F5D14D /* Assets.xcassets */ = {isa = PBXFileReference; lastKnownFileType = folder.assetcatalog; path = Assets.xcassets; sourceTree = "<group>"; };
		8C18EEA81F34238C00F5D14D /* Base */ = {isa = PBXFileReference; lastKnownFileType = file.storyboard; name = Base; path = Base.lproj/LaunchScreen.storyboard; sourceTree = "<group>"; };
		8C18EEAA1F34238C00F5D14D /* Info.plist */ = {isa = PBXFileReference; lastKnownFileType = text.plist.xml; path = Info.plist; sourceTree = "<group>"; };
		8C18EEAF1F34238D00F5D14D /* BosqueTests.xctest */ = {isa = PBXFileReference; explicitFileType = wrapper.cfbundle; includeInIndex = 0; path = BosqueTests.xctest; sourceTree = BUILT_PRODUCTS_DIR; };
		8C18EEB31F34238D00F5D14D /* BosqueTests.swift */ = {isa = PBXFileReference; lastKnownFileType = sourcecode.swift; path = BosqueTests.swift; sourceTree = "<group>"; };
		8C18EEB51F34238D00F5D14D /* Info.plist */ = {isa = PBXFileReference; lastKnownFileType = text.plist.xml; path = Info.plist; sourceTree = "<group>"; };
		8C18EEBA1F34238D00F5D14D /* BosqueUITests.xctest */ = {isa = PBXFileReference; explicitFileType = wrapper.cfbundle; includeInIndex = 0; path = BosqueUITests.xctest; sourceTree = BUILT_PRODUCTS_DIR; };
		8C18EEBE1F34238D00F5D14D /* BosqueUITests.swift */ = {isa = PBXFileReference; lastKnownFileType = sourcecode.swift; path = BosqueUITests.swift; sourceTree = "<group>"; };
		8C18EEC01F34238D00F5D14D /* Info.plist */ = {isa = PBXFileReference; lastKnownFileType = text.plist.xml; path = Info.plist; sourceTree = "<group>"; };
		8C18EECE1F45315F00F5D14D /* Globals.swift */ = {isa = PBXFileReference; fileEncoding = 4; lastKnownFileType = sourcecode.swift; name = Globals.swift; path = Core/Globals.swift; sourceTree = "<group>"; };
		8C18EED11F4535CA00F5D14D /* Constants.swift */ = {isa = PBXFileReference; fileEncoding = 4; lastKnownFileType = sourcecode.swift; name = Constants.swift; path = Core/Constants.swift; sourceTree = "<group>"; };
		8C18EED41F454ADA00F5D14D /* Identity.swift */ = {isa = PBXFileReference; fileEncoding = 4; lastKnownFileType = sourcecode.swift; name = Identity.swift; path = Helpers/Identity.swift; sourceTree = "<group>"; };
		8C18EED71F46A9BA00F5D14D /* LoginViewController.swift */ = {isa = PBXFileReference; fileEncoding = 4; lastKnownFileType = sourcecode.swift; name = LoginViewController.swift; path = Controllers/LoginViewController.swift; sourceTree = "<group>"; };
		8C18EEDC1F46AAD500F5D14D /* UIColor.swift */ = {isa = PBXFileReference; fileEncoding = 4; lastKnownFileType = sourcecode.swift; name = UIColor.swift; path = Helpers/UIColor.swift; sourceTree = "<group>"; };
		8C18EEE01F46ABC400F5D14D /* SmsViewController.swift */ = {isa = PBXFileReference; fileEncoding = 4; lastKnownFileType = sourcecode.swift; name = SmsViewController.swift; path = Controllers/SmsViewController.swift; sourceTree = "<group>"; };
		8C18EEE31F4A435900F5D14D /* Autenticacao.swift */ = {isa = PBXFileReference; fileEncoding = 4; lastKnownFileType = sourcecode.swift; name = Autenticacao.swift; path = Models/Autenticacao.swift; sourceTree = "<group>"; };
		8C18EEE51F4A441300F5D14D /* User.swift */ = {isa = PBXFileReference; fileEncoding = 4; lastKnownFileType = sourcecode.swift; name = User.swift; path = Models/User.swift; sourceTree = "<group>"; };
		8C18EEE71F4A45A000F5D14D /* Dependente.swift */ = {isa = PBXFileReference; fileEncoding = 4; lastKnownFileType = sourcecode.swift; name = Dependente.swift; path = Models/Dependente.swift; sourceTree = "<group>"; };
		8C18EEEA1F4A46D800F5D14D /* Buscando.swift */ = {isa = PBXFileReference; fileEncoding = 4; lastKnownFileType = sourcecode.swift; name = Buscando.swift; path = Models/Buscando.swift; sourceTree = "<group>"; };
		8C18EEEC1F4A476500F5D14D /* Calendario.swift */ = {isa = PBXFileReference; fileEncoding = 4; lastKnownFileType = sourcecode.swift; name = Calendario.swift; path = Models/Calendario.swift; sourceTree = "<group>"; };
		8C18EEEE1F4A47C700F5D14D /* Comunicado.swift */ = {isa = PBXFileReference; fileEncoding = 4; lastKnownFileType = sourcecode.swift; name = Comunicado.swift; path = Models/Comunicado.swift; sourceTree = "<group>"; };
		8C18EEF01F4A485200F5D14D /* Formulario.swift */ = {isa = PBXFileReference; fileEncoding = 4; lastKnownFileType = sourcecode.swift; name = Formulario.swift; path = Models/Formulario.swift; sourceTree = "<group>"; };
		8C18EEF21F4A48EA00F5D14D /* OneSignalResult.swift */ = {isa = PBXFileReference; fileEncoding = 4; lastKnownFileType = sourcecode.swift; name = OneSignalResult.swift; path = Models/OneSignalResult.swift; sourceTree = "<group>"; };
		8C18EEF41F4A493400F5D14D /* Recado.swift */ = {isa = PBXFileReference; fileEncoding = 4; lastKnownFileType = sourcecode.swift; name = Recado.swift; path = Models/Recado.swift; sourceTree = "<group>"; };
		8C18EEF61F4A4ACD00F5D14D /* Sway.swift */ = {isa = PBXFileReference; fileEncoding = 4; lastKnownFileType = sourcecode.swift; name = Sway.swift; path = Models/Sway.swift; sourceTree = "<group>"; };
		8C18EEF91F4A5A5B00F5D14D /* ToastView.swift */ = {isa = PBXFileReference; fileEncoding = 4; lastKnownFileType = sourcecode.swift; name = ToastView.swift; path = Components/ToastView.swift; sourceTree = "<group>"; };
		8C18EEFB1F4A769C00F5D14D /* BaseViewController.swift */ = {isa = PBXFileReference; fileEncoding = 4; lastKnownFileType = sourcecode.swift; name = BaseViewController.swift; path = Controllers/BaseViewController.swift; sourceTree = "<group>"; };
		8C18EEFD1F4A8AFB00F5D14D /* MainViewController.swift */ = {isa = PBXFileReference; fileEncoding = 4; lastKnownFileType = sourcecode.swift; name = MainViewController.swift; path = Controllers/MainViewController.swift; sourceTree = "<group>"; };
		8C2728B41F6F5E380048750C /* LocationController.swift */ = {isa = PBXFileReference; fileEncoding = 4; lastKnownFileType = sourcecode.swift; path = LocationController.swift; sourceTree = "<group>"; };
		8C8BDB7F1F6A21E0009D4CD7 /* BasicLocation.swift */ = {isa = PBXFileReference; fileEncoding = 4; lastKnownFileType = sourcecode.swift; name = BasicLocation.swift; path = Core/BasicLocation.swift; sourceTree = "<group>"; };
		8CA69BD71F4FE07B0000B348 /* Menu.swift */ = {isa = PBXFileReference; fileEncoding = 4; lastKnownFileType = sourcecode.swift; name = Menu.swift; path = Components/Menu.swift; sourceTree = "<group>"; };
		8CA69BDB1F4FE0D70000B348 /* Base */ = {isa = PBXFileReference; lastKnownFileType = file.xib; name = Base; path = Base.lproj/Menu.xib; sourceTree = "<group>"; };
		8CA69BDD1F53B4370000B348 /* CalendarioViewController.swift */ = {isa = PBXFileReference; fileEncoding = 4; lastKnownFileType = sourcecode.swift; name = CalendarioViewController.swift; path = Controllers/CalendarioViewController.swift; sourceTree = "<group>"; };
		8CA69BDF1F53B5AA0000B348 /* MensagensViewController.swift */ = {isa = PBXFileReference; fileEncoding = 4; lastKnownFileType = sourcecode.swift; name = MensagensViewController.swift; path = Controllers/MensagensViewController.swift; sourceTree = "<group>"; };
		8CA69BE11F53B5BB0000B348 /* SwayViewController.swift */ = {isa = PBXFileReference; fileEncoding = 4; lastKnownFileType = sourcecode.swift; name = SwayViewController.swift; path = Controllers/SwayViewController.swift; sourceTree = "<group>"; };
		8CA69BE31F53B5C80000B348 /* FormsViewController.swift */ = {isa = PBXFileReference; fileEncoding = 4; lastKnownFileType = sourcecode.swift; name = FormsViewController.swift; path = Controllers/FormsViewController.swift; sourceTree = "<group>"; };
		8CA69BE51F53B5D70000B348 /* EstouChegandoViewController.swift */ = {isa = PBXFileReference; fileEncoding = 4; lastKnownFileType = sourcecode.swift; name = EstouChegandoViewController.swift; path = Controllers/EstouChegandoViewController.swift; sourceTree = "<group>"; };
		8CA69BE71F566BB20000B348 /* Listable.swift */ = {isa = PBXFileReference; fileEncoding = 4; lastKnownFileType = sourcecode.swift; name = Listable.swift; path = Models/Listable.swift; sourceTree = "<group>"; };
		8CA69BE91F579B670000B348 /* VerticalAlignLabel.swift */ = {isa = PBXFileReference; fileEncoding = 4; lastKnownFileType = sourcecode.swift; name = VerticalAlignLabel.swift; path = Components/VerticalAlignLabel.swift; sourceTree = "<group>"; };
		8CA69BEB1F57C7E80000B348 /* WebViewController.swift */ = {isa = PBXFileReference; fileEncoding = 4; lastKnownFileType = sourcecode.swift; name = WebViewController.swift; path = Controllers/WebViewController.swift; sourceTree = "<group>"; };
		913BFB955EC50D9B142130B1 /* Pods-BosqueTests.debug.xcconfig */ = {isa = PBXFileReference; includeInIndex = 1; lastKnownFileType = text.xcconfig; name = "Pods-BosqueTests.debug.xcconfig"; path = "Pods/Target Support Files/Pods-BosqueTests/Pods-BosqueTests.debug.xcconfig"; sourceTree = "<group>"; };
		A0BEC97EE53DB1FDF19DE71D /* Pods-Bosque.debug.xcconfig */ = {isa = PBXFileReference; includeInIndex = 1; lastKnownFileType = text.xcconfig; name = "Pods-Bosque.debug.xcconfig"; path = "Pods/Target Support Files/Pods-Bosque/Pods-Bosque.debug.xcconfig"; sourceTree = "<group>"; };
		B886C36977D291F68920371F /* Pods-BosqueUITests.debug.xcconfig */ = {isa = PBXFileReference; includeInIndex = 1; lastKnownFileType = text.xcconfig; name = "Pods-BosqueUITests.debug.xcconfig"; path = "Pods/Target Support Files/Pods-BosqueUITests/Pods-BosqueUITests.debug.xcconfig"; sourceTree = "<group>"; };
/* End PBXFileReference section */

/* Begin PBXFrameworksBuildPhase section */
		8C18EE981F34238B00F5D14D /* Frameworks */ = {
			isa = PBXFrameworksBuildPhase;
			buildActionMask = 2147483647;
			files = (
				248FF78467B5B4643DCE2CCD /* Pods_Bosque.framework in Frameworks */,
			);
			runOnlyForDeploymentPostprocessing = 0;
		};
		8C18EEAC1F34238D00F5D14D /* Frameworks */ = {
			isa = PBXFrameworksBuildPhase;
			buildActionMask = 2147483647;
			files = (
				A061080F91CC3D6E969964F2 /* Pods_BosqueTests.framework in Frameworks */,
			);
			runOnlyForDeploymentPostprocessing = 0;
		};
		8C18EEB71F34238D00F5D14D /* Frameworks */ = {
			isa = PBXFrameworksBuildPhase;
			buildActionMask = 2147483647;
			files = (
				7F6CB2DC017E52BC4656E60B /* Pods_BosqueUITests.framework in Frameworks */,
			);
			runOnlyForDeploymentPostprocessing = 0;
		};
/* End PBXFrameworksBuildPhase section */

/* Begin PBXGroup section */
		373E2AD2C12C605F40918446 /* Pods */ = {
			isa = PBXGroup;
			children = (
				A0BEC97EE53DB1FDF19DE71D /* Pods-Bosque.debug.xcconfig */,
				2D26C887141AE26571DAC9ED /* Pods-Bosque.release.xcconfig */,
				913BFB955EC50D9B142130B1 /* Pods-BosqueTests.debug.xcconfig */,
				306EFE865525595B347D6DEB /* Pods-BosqueTests.release.xcconfig */,
				B886C36977D291F68920371F /* Pods-BosqueUITests.debug.xcconfig */,
				41D9BC7F11B987AB0CEF0E54 /* Pods-BosqueUITests.release.xcconfig */,
			);
			name = Pods;
			sourceTree = "<group>";
		};
		8C18EE921F34238B00F5D14D = {
			isa = PBXGroup;
			children = (
				8C18EE9D1F34238B00F5D14D /* Bosque */,
				8C18EEB21F34238D00F5D14D /* BosqueTests */,
				8C18EEBD1F34238D00F5D14D /* BosqueUITests */,
				8C18EE9C1F34238B00F5D14D /* Products */,
				373E2AD2C12C605F40918446 /* Pods */,
				D420F6BA7589E512EC82500C /* Frameworks */,
			);
			sourceTree = "<group>";
		};
		8C18EE9C1F34238B00F5D14D /* Products */ = {
			isa = PBXGroup;
			children = (
				8C18EE9B1F34238B00F5D14D /* Bosque.app */,
				8C18EEAF1F34238D00F5D14D /* BosqueTests.xctest */,
				8C18EEBA1F34238D00F5D14D /* BosqueUITests.xctest */,
			);
			name = Products;
			sourceTree = "<group>";
		};
		8C18EE9D1F34238B00F5D14D /* Bosque */ = {
			isa = PBXGroup;
			children = (
				872DDFF31F87DCA400F7AE71 /* Bosque.entitlements */,
				8CA69BD91F4FE0850000B348 /* Views */,
				8C18EEF81F4A5A2000F5D14D /* Components */,
				8C18EEE21F4A432C00F5D14D /* Models */,
				8C18EED61F4556E500F5D14D /* Controllers */,
				8C18EED31F454ABD00F5D14D /* Helpers */,
				8C18EED01F45316400F5D14D /* Core */,
				8C18EE9E1F34238C00F5D14D /* AppDelegate.swift */,
				8C18EEA51F34238C00F5D14D /* Assets.xcassets */,
				8C18EEAA1F34238C00F5D14D /* Info.plist */,
			);
			path = Bosque;
			sourceTree = "<group>";
		};
		8C18EEB21F34238D00F5D14D /* BosqueTests */ = {
			isa = PBXGroup;
			children = (
				8C18EEB31F34238D00F5D14D /* BosqueTests.swift */,
				8C18EEB51F34238D00F5D14D /* Info.plist */,
			);
			path = BosqueTests;
			sourceTree = "<group>";
		};
		8C18EEBD1F34238D00F5D14D /* BosqueUITests */ = {
			isa = PBXGroup;
			children = (
				8C18EEBE1F34238D00F5D14D /* BosqueUITests.swift */,
				8C18EEC01F34238D00F5D14D /* Info.plist */,
			);
			path = BosqueUITests;
			sourceTree = "<group>";
		};
		8C18EED01F45316400F5D14D /* Core */ = {
			isa = PBXGroup;
			children = (
				8C18EECE1F45315F00F5D14D /* Globals.swift */,
				8C18EED11F4535CA00F5D14D /* Constants.swift */,
				8C8BDB7F1F6A21E0009D4CD7 /* BasicLocation.swift */,
			);
			name = Core;
			sourceTree = "<group>";
		};
		8C18EED31F454ABD00F5D14D /* Helpers */ = {
			isa = PBXGroup;
			children = (
				8C18EEDB1F46AAA400F5D14D /* Extensions */,
				8C18EED41F454ADA00F5D14D /* Identity.swift */,
			);
			name = Helpers;
			sourceTree = "<group>";
		};
		8C18EED61F4556E500F5D14D /* Controllers */ = {
			isa = PBXGroup;
			children = (
				8C18EED71F46A9BA00F5D14D /* LoginViewController.swift */,
				8C18EEE01F46ABC400F5D14D /* SmsViewController.swift */,
				8C18EEFB1F4A769C00F5D14D /* BaseViewController.swift */,
				8C18EEFD1F4A8AFB00F5D14D /* MainViewController.swift */,
				8CA69BDD1F53B4370000B348 /* CalendarioViewController.swift */,
				8CA69BDF1F53B5AA0000B348 /* MensagensViewController.swift */,
				8CA69BE11F53B5BB0000B348 /* SwayViewController.swift */,
				8CA69BE31F53B5C80000B348 /* FormsViewController.swift */,
				8CA69BE51F53B5D70000B348 /* EstouChegandoViewController.swift */,
				8CA69BEB1F57C7E80000B348 /* WebViewController.swift */,
				8C2728B41F6F5E380048750C /* LocationController.swift */,
			);
			name = Controllers;
			sourceTree = "<group>";
		};
		8C18EEDB1F46AAA400F5D14D /* Extensions */ = {
			isa = PBXGroup;
			children = (
				8C18EEDC1F46AAD500F5D14D /* UIColor.swift */,
			);
			name = Extensions;
			sourceTree = "<group>";
		};
		8C18EEE21F4A432C00F5D14D /* Models */ = {
			isa = PBXGroup;
			children = (
				8C18EEE31F4A435900F5D14D /* Autenticacao.swift */,
				8C18EEE51F4A441300F5D14D /* User.swift */,
				8C18EEE71F4A45A000F5D14D /* Dependente.swift */,
				8C18EEEA1F4A46D800F5D14D /* Buscando.swift */,
				8C18EEEC1F4A476500F5D14D /* Calendario.swift */,
				8C18EEEE1F4A47C700F5D14D /* Comunicado.swift */,
				8C18EEF01F4A485200F5D14D /* Formulario.swift */,
				8C18EEF21F4A48EA00F5D14D /* OneSignalResult.swift */,
				8C18EEF41F4A493400F5D14D /* Recado.swift */,
				8C18EEF61F4A4ACD00F5D14D /* Sway.swift */,
				8CA69BE71F566BB20000B348 /* Listable.swift */,
			);
			name = Models;
			sourceTree = "<group>";
		};
		8C18EEF81F4A5A2000F5D14D /* Components */ = {
			isa = PBXGroup;
			children = (
				8C18EEF91F4A5A5B00F5D14D /* ToastView.swift */,
				8CA69BD71F4FE07B0000B348 /* Menu.swift */,
				8CA69BE91F579B670000B348 /* VerticalAlignLabel.swift */,
			);
			name = Components;
			sourceTree = "<group>";
		};
		8CA69BD91F4FE0850000B348 /* Views */ = {
			isa = PBXGroup;
			children = (
				8C18EEA21F34238C00F5D14D /* Main.storyboard */,
				8C18EEA71F34238C00F5D14D /* LaunchScreen.storyboard */,
				8CA69BDA1F4FE0D70000B348 /* Menu.xib */,
			);
			name = Views;
			sourceTree = "<group>";
		};
		D420F6BA7589E512EC82500C /* Frameworks */ = {
			isa = PBXGroup;
			children = (
				297126122140D655D53C5FF5 /* Pods_Bosque.framework */,
				0657049CC039BF5D15A47B3B /* Pods_BosqueTests.framework */,
				8960BE83C62D28F698B4FED4 /* Pods_BosqueUITests.framework */,
			);
			name = Frameworks;
			sourceTree = "<group>";
		};
/* End PBXGroup section */

/* Begin PBXNativeTarget section */
		8C18EE9A1F34238B00F5D14D /* Bosque */ = {
			isa = PBXNativeTarget;
			buildConfigurationList = 8C18EEC31F34238D00F5D14D /* Build configuration list for PBXNativeTarget "Bosque" */;
			buildPhases = (
				181AD0011C8324A4B8A4C7A2 /* [CP] Check Pods Manifest.lock */,
				8C18EE971F34238B00F5D14D /* Sources */,
				8C18EE981F34238B00F5D14D /* Frameworks */,
				8C18EE991F34238B00F5D14D /* Resources */,
				4BE4D0B64C2BEDE40B3C1484 /* [CP] Embed Pods Frameworks */,
				8E3C376FB65D924A43C7851E /* [CP] Copy Pods Resources */,
			);
			buildRules = (
			);
			dependencies = (
			);
			name = Bosque;
			productName = Bosque;
			productReference = 8C18EE9B1F34238B00F5D14D /* Bosque.app */;
			productType = "com.apple.product-type.application";
		};
		8C18EEAE1F34238D00F5D14D /* BosqueTests */ = {
			isa = PBXNativeTarget;
			buildConfigurationList = 8C18EEC61F34238D00F5D14D /* Build configuration list for PBXNativeTarget "BosqueTests" */;
			buildPhases = (
				73717ECF86CFED6148C84D48 /* [CP] Check Pods Manifest.lock */,
				8C18EEAB1F34238D00F5D14D /* Sources */,
				8C18EEAC1F34238D00F5D14D /* Frameworks */,
				8C18EEAD1F34238D00F5D14D /* Resources */,
				46142EDF93303DDC8DF334F7 /* [CP] Embed Pods Frameworks */,
				8ABB9CE884D395662E35CD53 /* [CP] Copy Pods Resources */,
			);
			buildRules = (
			);
			dependencies = (
				8C18EEB11F34238D00F5D14D /* PBXTargetDependency */,
			);
			name = BosqueTests;
			productName = BosqueTests;
			productReference = 8C18EEAF1F34238D00F5D14D /* BosqueTests.xctest */;
			productType = "com.apple.product-type.bundle.unit-test";
		};
		8C18EEB91F34238D00F5D14D /* BosqueUITests */ = {
			isa = PBXNativeTarget;
			buildConfigurationList = 8C18EEC91F34238D00F5D14D /* Build configuration list for PBXNativeTarget "BosqueUITests" */;
			buildPhases = (
				117581C55EB7CF638BE38CBA /* [CP] Check Pods Manifest.lock */,
				8C18EEB61F34238D00F5D14D /* Sources */,
				8C18EEB71F34238D00F5D14D /* Frameworks */,
				8C18EEB81F34238D00F5D14D /* Resources */,
				F570FFBCC9A18FF02A35778B /* [CP] Embed Pods Frameworks */,
				C34BACD1AAB29BF92326DB78 /* [CP] Copy Pods Resources */,
			);
			buildRules = (
			);
			dependencies = (
				8C18EEBC1F34238D00F5D14D /* PBXTargetDependency */,
			);
			name = BosqueUITests;
			productName = BosqueUITests;
			productReference = 8C18EEBA1F34238D00F5D14D /* BosqueUITests.xctest */;
			productType = "com.apple.product-type.bundle.ui-testing";
		};
/* End PBXNativeTarget section */

/* Begin PBXProject section */
		8C18EE931F34238B00F5D14D /* Project object */ = {
			isa = PBXProject;
			attributes = {
				LastSwiftUpdateCheck = 0830;
				LastUpgradeCheck = 0830;
				ORGANIZATIONNAME = BigBrain;
				TargetAttributes = {
					8C18EE9A1F34238B00F5D14D = {
						CreatedOnToolsVersion = 8.3.1;
						DevelopmentTeam = F7S7683CTF;
						ProvisioningStyle = Automatic;
						SystemCapabilities = {
							com.apple.BackgroundModes = {
								enabled = 1;
							};
							com.apple.Push = {
								enabled = 1;
							};
						};
					};
					8C18EEAE1F34238D00F5D14D = {
						CreatedOnToolsVersion = 8.3.1;
						ProvisioningStyle = Automatic;
						TestTargetID = 8C18EE9A1F34238B00F5D14D;
					};
					8C18EEB91F34238D00F5D14D = {
						CreatedOnToolsVersion = 8.3.1;
						ProvisioningStyle = Automatic;
						TestTargetID = 8C18EE9A1F34238B00F5D14D;
					};
				};
			};
			buildConfigurationList = 8C18EE961F34238B00F5D14D /* Build configuration list for PBXProject "Bosque" */;
			compatibilityVersion = "Xcode 3.2";
			developmentRegion = English;
			hasScannedForEncodings = 0;
			knownRegions = (
				en,
				Base,
			);
			mainGroup = 8C18EE921F34238B00F5D14D;
			productRefGroup = 8C18EE9C1F34238B00F5D14D /* Products */;
			projectDirPath = "";
			projectRoot = "";
			targets = (
				8C18EE9A1F34238B00F5D14D /* Bosque */,
				8C18EEAE1F34238D00F5D14D /* BosqueTests */,
				8C18EEB91F34238D00F5D14D /* BosqueUITests */,
			);
		};
/* End PBXProject section */

/* Begin PBXResourcesBuildPhase section */
		8C18EE991F34238B00F5D14D /* Resources */ = {
			isa = PBXResourcesBuildPhase;
			buildActionMask = 2147483647;
			files = (
				8C18EEA91F34238C00F5D14D /* LaunchScreen.storyboard in Resources */,
				8C18EEA61F34238C00F5D14D /* Assets.xcassets in Resources */,
				8CA69BDC1F4FE0D70000B348 /* Menu.xib in Resources */,
				8C18EEA41F34238C00F5D14D /* Main.storyboard in Resources */,
			);
			runOnlyForDeploymentPostprocessing = 0;
		};
		8C18EEAD1F34238D00F5D14D /* Resources */ = {
			isa = PBXResourcesBuildPhase;
			buildActionMask = 2147483647;
			files = (
			);
			runOnlyForDeploymentPostprocessing = 0;
		};
		8C18EEB81F34238D00F5D14D /* Resources */ = {
			isa = PBXResourcesBuildPhase;
			buildActionMask = 2147483647;
			files = (
			);
			runOnlyForDeploymentPostprocessing = 0;
		};
/* End PBXResourcesBuildPhase section */

/* Begin PBXShellScriptBuildPhase section */
		117581C55EB7CF638BE38CBA /* [CP] Check Pods Manifest.lock */ = {
			isa = PBXShellScriptBuildPhase;
			buildActionMask = 2147483647;
			files = (
			);
			inputPaths = (
				"${PODS_PODFILE_DIR_PATH}/Podfile.lock",
				"${PODS_ROOT}/Manifest.lock",
			);
			name = "[CP] Check Pods Manifest.lock";
			outputPaths = (
				"$(DERIVED_FILE_DIR)/Pods-BosqueUITests-checkManifestLockResult.txt",
			);
			runOnlyForDeploymentPostprocessing = 0;
			shellPath = /bin/sh;
			shellScript = "diff \"${PODS_PODFILE_DIR_PATH}/Podfile.lock\" \"${PODS_ROOT}/Manifest.lock\" > /dev/null\nif [ $? != 0 ] ; then\n    # print error to STDERR\n    echo \"error: The sandbox is not in sync with the Podfile.lock. Run 'pod install' or update your CocoaPods installation.\" >&2\n    exit 1\nfi\n# This output is used by Xcode 'outputs' to avoid re-running this script phase.\necho \"SUCCESS\" > \"${SCRIPT_OUTPUT_FILE_0}\"\n";
			showEnvVarsInLog = 0;
		};
		181AD0011C8324A4B8A4C7A2 /* [CP] Check Pods Manifest.lock */ = {
			isa = PBXShellScriptBuildPhase;
			buildActionMask = 2147483647;
			files = (
			);
			inputPaths = (
				"${PODS_PODFILE_DIR_PATH}/Podfile.lock",
				"${PODS_ROOT}/Manifest.lock",
			);
			name = "[CP] Check Pods Manifest.lock";
			outputPaths = (
				"$(DERIVED_FILE_DIR)/Pods-Bosque-checkManifestLockResult.txt",
			);
			runOnlyForDeploymentPostprocessing = 0;
			shellPath = /bin/sh;
			shellScript = "diff \"${PODS_PODFILE_DIR_PATH}/Podfile.lock\" \"${PODS_ROOT}/Manifest.lock\" > /dev/null\nif [ $? != 0 ] ; then\n    # print error to STDERR\n    echo \"error: The sandbox is not in sync with the Podfile.lock. Run 'pod install' or update your CocoaPods installation.\" >&2\n    exit 1\nfi\n# This output is used by Xcode 'outputs' to avoid re-running this script phase.\necho \"SUCCESS\" > \"${SCRIPT_OUTPUT_FILE_0}\"\n";
			showEnvVarsInLog = 0;
		};
		46142EDF93303DDC8DF334F7 /* [CP] Embed Pods Frameworks */ = {
			isa = PBXShellScriptBuildPhase;
			buildActionMask = 2147483647;
			files = (
			);
			inputPaths = (
			);
			name = "[CP] Embed Pods Frameworks";
			outputPaths = (
			);
			runOnlyForDeploymentPostprocessing = 0;
			shellPath = /bin/sh;
			shellScript = "\"${SRCROOT}/Pods/Target Support Files/Pods-BosqueTests/Pods-BosqueTests-frameworks.sh\"\n";
			showEnvVarsInLog = 0;
		};
		4BE4D0B64C2BEDE40B3C1484 /* [CP] Embed Pods Frameworks */ = {
			isa = PBXShellScriptBuildPhase;
			buildActionMask = 2147483647;
			files = (
			);
			inputPaths = (
				"${SRCROOT}/Pods/Target Support Files/Pods-Bosque/Pods-Bosque-frameworks.sh",
				"${BUILT_PRODUCTS_DIR}/Alamofire/Alamofire.framework",
				"${BUILT_PRODUCTS_DIR}/AlamofireObjectMapper/AlamofireObjectMapper.framework",
				"${BUILT_PRODUCTS_DIR}/IQKeyboardManagerSwift/IQKeyboardManagerSwift.framework",
				"${BUILT_PRODUCTS_DIR}/ObjectMapper/ObjectMapper.framework",
				"${BUILT_PRODUCTS_DIR}/ReachabilitySwift/ReachabilitySwift.framework",
			);
			name = "[CP] Embed Pods Frameworks";
			outputPaths = (
				"${TARGET_BUILD_DIR}/${FRAMEWORKS_FOLDER_PATH}/Alamofire.framework",
				"${TARGET_BUILD_DIR}/${FRAMEWORKS_FOLDER_PATH}/AlamofireObjectMapper.framework",
				"${TARGET_BUILD_DIR}/${FRAMEWORKS_FOLDER_PATH}/IQKeyboardManagerSwift.framework",
				"${TARGET_BUILD_DIR}/${FRAMEWORKS_FOLDER_PATH}/ObjectMapper.framework",
				"${TARGET_BUILD_DIR}/${FRAMEWORKS_FOLDER_PATH}/ReachabilitySwift.framework",
			);
			runOnlyForDeploymentPostprocessing = 0;
			shellPath = /bin/sh;
			shellScript = "\"${SRCROOT}/Pods/Target Support Files/Pods-Bosque/Pods-Bosque-frameworks.sh\"\n";
			showEnvVarsInLog = 0;
		};
		73717ECF86CFED6148C84D48 /* [CP] Check Pods Manifest.lock */ = {
			isa = PBXShellScriptBuildPhase;
			buildActionMask = 2147483647;
			files = (
			);
			inputPaths = (
				"${PODS_PODFILE_DIR_PATH}/Podfile.lock",
				"${PODS_ROOT}/Manifest.lock",
			);
			name = "[CP] Check Pods Manifest.lock";
			outputPaths = (
				"$(DERIVED_FILE_DIR)/Pods-BosqueTests-checkManifestLockResult.txt",
			);
			runOnlyForDeploymentPostprocessing = 0;
			shellPath = /bin/sh;
			shellScript = "diff \"${PODS_PODFILE_DIR_PATH}/Podfile.lock\" \"${PODS_ROOT}/Manifest.lock\" > /dev/null\nif [ $? != 0 ] ; then\n    # print error to STDERR\n    echo \"error: The sandbox is not in sync with the Podfile.lock. Run 'pod install' or update your CocoaPods installation.\" >&2\n    exit 1\nfi\n# This output is used by Xcode 'outputs' to avoid re-running this script phase.\necho \"SUCCESS\" > \"${SCRIPT_OUTPUT_FILE_0}\"\n";
			showEnvVarsInLog = 0;
		};
		8ABB9CE884D395662E35CD53 /* [CP] Copy Pods Resources */ = {
			isa = PBXShellScriptBuildPhase;
			buildActionMask = 2147483647;
			files = (
			);
			inputPaths = (
			);
			name = "[CP] Copy Pods Resources";
			outputPaths = (
			);
			runOnlyForDeploymentPostprocessing = 0;
			shellPath = /bin/sh;
			shellScript = "\"${SRCROOT}/Pods/Target Support Files/Pods-BosqueTests/Pods-BosqueTests-resources.sh\"\n";
			showEnvVarsInLog = 0;
		};
		8E3C376FB65D924A43C7851E /* [CP] Copy Pods Resources */ = {
			isa = PBXShellScriptBuildPhase;
			buildActionMask = 2147483647;
			files = (
			);
			inputPaths = (
			);
			name = "[CP] Copy Pods Resources";
			outputPaths = (
			);
			runOnlyForDeploymentPostprocessing = 0;
			shellPath = /bin/sh;
			shellScript = "\"${SRCROOT}/Pods/Target Support Files/Pods-Bosque/Pods-Bosque-resources.sh\"\n";
			showEnvVarsInLog = 0;
		};
		C34BACD1AAB29BF92326DB78 /* [CP] Copy Pods Resources */ = {
			isa = PBXShellScriptBuildPhase;
			buildActionMask = 2147483647;
			files = (
			);
			inputPaths = (
			);
			name = "[CP] Copy Pods Resources";
			outputPaths = (
			);
			runOnlyForDeploymentPostprocessing = 0;
			shellPath = /bin/sh;
			shellScript = "\"${SRCROOT}/Pods/Target Support Files/Pods-BosqueUITests/Pods-BosqueUITests-resources.sh\"\n";
			showEnvVarsInLog = 0;
		};
		F570FFBCC9A18FF02A35778B /* [CP] Embed Pods Frameworks */ = {
			isa = PBXShellScriptBuildPhase;
			buildActionMask = 2147483647;
			files = (
			);
			inputPaths = (
			);
			name = "[CP] Embed Pods Frameworks";
			outputPaths = (
			);
			runOnlyForDeploymentPostprocessing = 0;
			shellPath = /bin/sh;
			shellScript = "\"${SRCROOT}/Pods/Target Support Files/Pods-BosqueUITests/Pods-BosqueUITests-frameworks.sh\"\n";
			showEnvVarsInLog = 0;
		};
/* End PBXShellScriptBuildPhase section */

/* Begin PBXSourcesBuildPhase section */
		8C18EE971F34238B00F5D14D /* Sources */ = {
			isa = PBXSourcesBuildPhase;
			buildActionMask = 2147483647;
			files = (
				8CA69BE61F53B5D70000B348 /* EstouChegandoViewController.swift in Sources */,
				8C18EEFE1F4A8AFB00F5D14D /* MainViewController.swift in Sources */,
				8C18EEF11F4A485200F5D14D /* Formulario.swift in Sources */,
				8C18EEEB1F4A46D800F5D14D /* Buscando.swift in Sources */,
				8CA69BEA1F579B670000B348 /* VerticalAlignLabel.swift in Sources */,
				8C18EEEF1F4A47C700F5D14D /* Comunicado.swift in Sources */,
				8CA69BE41F53B5C80000B348 /* FormsViewController.swift in Sources */,
				8CA69BE01F53B5AA0000B348 /* MensagensViewController.swift in Sources */,
				8C18EEE81F4A45A000F5D14D /* Dependente.swift in Sources */,
				8C2728B51F6F5E380048750C /* LocationController.swift in Sources */,
				8CA69BE21F53B5BB0000B348 /* SwayViewController.swift in Sources */,
				8C18EED81F46A9BA00F5D14D /* LoginViewController.swift in Sources */,
				8CA69BDE1F53B4370000B348 /* CalendarioViewController.swift in Sources */,
				8C18EEFC1F4A769C00F5D14D /* BaseViewController.swift in Sources */,
				8C18EED21F4535CA00F5D14D /* Constants.swift in Sources */,
				8C18EEDD1F46AAD500F5D14D /* UIColor.swift in Sources */,
				8CA69BD81F4FE07B0000B348 /* Menu.swift in Sources */,
				8C18EED51F454ADA00F5D14D /* Identity.swift in Sources */,
				8CA69BE81F566BB20000B348 /* Listable.swift in Sources */,
				8C18EEE11F46ABC400F5D14D /* SmsViewController.swift in Sources */,
				8C8BDB801F6A21E0009D4CD7 /* BasicLocation.swift in Sources */,
				8C18EEFA1F4A5A5B00F5D14D /* ToastView.swift in Sources */,
				8CA69BEC1F57C7E80000B348 /* WebViewController.swift in Sources */,
				8C18EEE41F4A435900F5D14D /* Autenticacao.swift in Sources */,
				8C18EECF1F45315F00F5D14D /* Globals.swift in Sources */,
				8C18EEED1F4A476500F5D14D /* Calendario.swift in Sources */,
				8C18EEE61F4A441300F5D14D /* User.swift in Sources */,
				8C18EE9F1F34238C00F5D14D /* AppDelegate.swift in Sources */,
				8C18EEF31F4A48EA00F5D14D /* OneSignalResult.swift in Sources */,
				8C18EEF51F4A493400F5D14D /* Recado.swift in Sources */,
				8C18EEF71F4A4ACD00F5D14D /* Sway.swift in Sources */,
			);
			runOnlyForDeploymentPostprocessing = 0;
		};
		8C18EEAB1F34238D00F5D14D /* Sources */ = {
			isa = PBXSourcesBuildPhase;
			buildActionMask = 2147483647;
			files = (
				8C18EEB41F34238D00F5D14D /* BosqueTests.swift in Sources */,
			);
			runOnlyForDeploymentPostprocessing = 0;
		};
		8C18EEB61F34238D00F5D14D /* Sources */ = {
			isa = PBXSourcesBuildPhase;
			buildActionMask = 2147483647;
			files = (
				8C18EEBF1F34238D00F5D14D /* BosqueUITests.swift in Sources */,
			);
			runOnlyForDeploymentPostprocessing = 0;
		};
/* End PBXSourcesBuildPhase section */

/* Begin PBXTargetDependency section */
		8C18EEB11F34238D00F5D14D /* PBXTargetDependency */ = {
			isa = PBXTargetDependency;
			target = 8C18EE9A1F34238B00F5D14D /* Bosque */;
			targetProxy = 8C18EEB01F34238D00F5D14D /* PBXContainerItemProxy */;
		};
		8C18EEBC1F34238D00F5D14D /* PBXTargetDependency */ = {
			isa = PBXTargetDependency;
			target = 8C18EE9A1F34238B00F5D14D /* Bosque */;
			targetProxy = 8C18EEBB1F34238D00F5D14D /* PBXContainerItemProxy */;
		};
/* End PBXTargetDependency section */

/* Begin PBXVariantGroup section */
		8C18EEA21F34238C00F5D14D /* Main.storyboard */ = {
			isa = PBXVariantGroup;
			children = (
				8C18EEA31F34238C00F5D14D /* Base */,
			);
			name = Main.storyboard;
			sourceTree = "<group>";
		};
		8C18EEA71F34238C00F5D14D /* LaunchScreen.storyboard */ = {
			isa = PBXVariantGroup;
			children = (
				8C18EEA81F34238C00F5D14D /* Base */,
			);
			name = LaunchScreen.storyboard;
			sourceTree = "<group>";
		};
		8CA69BDA1F4FE0D70000B348 /* Menu.xib */ = {
			isa = PBXVariantGroup;
			children = (
				8CA69BDB1F4FE0D70000B348 /* Base */,
			);
			name = Menu.xib;
			sourceTree = "<group>";
		};
/* End PBXVariantGroup section */

/* Begin XCBuildConfiguration section */
		8C18EEC11F34238D00F5D14D /* Debug */ = {
			isa = XCBuildConfiguration;
			buildSettings = {
				ALWAYS_SEARCH_USER_PATHS = NO;
				CLANG_ANALYZER_NONNULL = YES;
				CLANG_ANALYZER_NUMBER_OBJECT_CONVERSION = YES_AGGRESSIVE;
				CLANG_CXX_LANGUAGE_STANDARD = "gnu++0x";
				CLANG_CXX_LIBRARY = "libc++";
				CLANG_ENABLE_MODULES = YES;
				CLANG_ENABLE_OBJC_ARC = YES;
				CLANG_WARN_BOOL_CONVERSION = YES;
				CLANG_WARN_CONSTANT_CONVERSION = YES;
				CLANG_WARN_DIRECT_OBJC_ISA_USAGE = YES_ERROR;
				CLANG_WARN_DOCUMENTATION_COMMENTS = YES;
				CLANG_WARN_EMPTY_BODY = YES;
				CLANG_WARN_ENUM_CONVERSION = YES;
				CLANG_WARN_INFINITE_RECURSION = YES;
				CLANG_WARN_INT_CONVERSION = YES;
				CLANG_WARN_OBJC_ROOT_CLASS = YES_ERROR;
				CLANG_WARN_SUSPICIOUS_MOVE = YES;
				CLANG_WARN_UNREACHABLE_CODE = YES;
				CLANG_WARN__DUPLICATE_METHOD_MATCH = YES;
				"CODE_SIGN_IDENTITY[sdk=iphoneos*]" = "iPhone Developer";
				COPY_PHASE_STRIP = NO;
				DEBUG_INFORMATION_FORMAT = dwarf;
				ENABLE_STRICT_OBJC_MSGSEND = YES;
				ENABLE_TESTABILITY = YES;
				GCC_C_LANGUAGE_STANDARD = gnu99;
				GCC_DYNAMIC_NO_PIC = NO;
				GCC_NO_COMMON_BLOCKS = YES;
				GCC_OPTIMIZATION_LEVEL = 0;
				GCC_PREPROCESSOR_DEFINITIONS = (
					"DEBUG=1",
					"$(inherited)",
				);
				GCC_WARN_64_TO_32_BIT_CONVERSION = YES;
				GCC_WARN_ABOUT_RETURN_TYPE = YES_ERROR;
				GCC_WARN_UNDECLARED_SELECTOR = YES;
				GCC_WARN_UNINITIALIZED_AUTOS = YES_AGGRESSIVE;
				GCC_WARN_UNUSED_FUNCTION = YES;
				GCC_WARN_UNUSED_VARIABLE = YES;
				IPHONEOS_DEPLOYMENT_TARGET = 10.3;
				MTL_ENABLE_DEBUG_INFO = YES;
				ONLY_ACTIVE_ARCH = YES;
				SDKROOT = iphoneos;
				SWIFT_ACTIVE_COMPILATION_CONDITIONS = DEBUG;
				SWIFT_OPTIMIZATION_LEVEL = "-Onone";
				TARGETED_DEVICE_FAMILY = "1,2";
			};
			name = Debug;
		};
		8C18EEC21F34238D00F5D14D /* Release */ = {
			isa = XCBuildConfiguration;
			buildSettings = {
				ALWAYS_SEARCH_USER_PATHS = NO;
				CLANG_ANALYZER_NONNULL = YES;
				CLANG_ANALYZER_NUMBER_OBJECT_CONVERSION = YES_AGGRESSIVE;
				CLANG_CXX_LANGUAGE_STANDARD = "gnu++0x";
				CLANG_CXX_LIBRARY = "libc++";
				CLANG_ENABLE_MODULES = YES;
				CLANG_ENABLE_OBJC_ARC = YES;
				CLANG_WARN_BOOL_CONVERSION = YES;
				CLANG_WARN_CONSTANT_CONVERSION = YES;
				CLANG_WARN_DIRECT_OBJC_ISA_USAGE = YES_ERROR;
				CLANG_WARN_DOCUMENTATION_COMMENTS = YES;
				CLANG_WARN_EMPTY_BODY = YES;
				CLANG_WARN_ENUM_CONVERSION = YES;
				CLANG_WARN_INFINITE_RECURSION = YES;
				CLANG_WARN_INT_CONVERSION = YES;
				CLANG_WARN_OBJC_ROOT_CLASS = YES_ERROR;
				CLANG_WARN_SUSPICIOUS_MOVE = YES;
				CLANG_WARN_UNREACHABLE_CODE = YES;
				CLANG_WARN__DUPLICATE_METHOD_MATCH = YES;
				"CODE_SIGN_IDENTITY[sdk=iphoneos*]" = "iPhone Developer";
				COPY_PHASE_STRIP = NO;
				DEBUG_INFORMATION_FORMAT = "dwarf-with-dsym";
				ENABLE_NS_ASSERTIONS = NO;
				ENABLE_STRICT_OBJC_MSGSEND = YES;
				GCC_C_LANGUAGE_STANDARD = gnu99;
				GCC_NO_COMMON_BLOCKS = YES;
				GCC_WARN_64_TO_32_BIT_CONVERSION = YES;
				GCC_WARN_ABOUT_RETURN_TYPE = YES_ERROR;
				GCC_WARN_UNDECLARED_SELECTOR = YES;
				GCC_WARN_UNINITIALIZED_AUTOS = YES_AGGRESSIVE;
				GCC_WARN_UNUSED_FUNCTION = YES;
				GCC_WARN_UNUSED_VARIABLE = YES;
				IPHONEOS_DEPLOYMENT_TARGET = 10.3;
				MTL_ENABLE_DEBUG_INFO = NO;
				SDKROOT = iphoneos;
				SWIFT_OPTIMIZATION_LEVEL = "-Owholemodule";
				TARGETED_DEVICE_FAMILY = "1,2";
				VALIDATE_PRODUCT = YES;
			};
			name = Release;
		};
		8C18EEC41F34238D00F5D14D /* Debug */ = {
			isa = XCBuildConfiguration;
			baseConfigurationReference = A0BEC97EE53DB1FDF19DE71D /* Pods-Bosque.debug.xcconfig */;
			buildSettings = {
				ASSETCATALOG_COMPILER_APPICON_NAME = AppIcon;
				CODE_SIGN_ENTITLEMENTS = Bosque/Bosque.entitlements;
				DEVELOPMENT_TEAM = F7S7683CTF;
				INFOPLIST_FILE = Bosque/Info.plist;
				IPHONEOS_DEPLOYMENT_TARGET = 10.0;
				LD_RUNPATH_SEARCH_PATHS = "$(inherited) @executable_path/Frameworks";
				PRODUCT_BUNDLE_IDENTIFIER = br.com.bigbrain.pai.resp;
				PRODUCT_NAME = "$(TARGET_NAME)";
				SWIFT_VERSION = 3.0;
				TARGETED_DEVICE_FAMILY = 1;
			};
			name = Debug;
		};
		8C18EEC51F34238D00F5D14D /* Release */ = {
			isa = XCBuildConfiguration;
			baseConfigurationReference = 2D26C887141AE26571DAC9ED /* Pods-Bosque.release.xcconfig */;
			buildSettings = {
				ASSETCATALOG_COMPILER_APPICON_NAME = AppIcon;
				CODE_SIGN_ENTITLEMENTS = Bosque/Bosque.entitlements;
				DEVELOPMENT_TEAM = F7S7683CTF;
				INFOPLIST_FILE = Bosque/Info.plist;
				IPHONEOS_DEPLOYMENT_TARGET = 10.0;
				LD_RUNPATH_SEARCH_PATHS = "$(inherited) @executable_path/Frameworks";
				PRODUCT_BUNDLE_IDENTIFIER = br.com.bigbrain.pai.resp;
				PRODUCT_NAME = "$(TARGET_NAME)";
				SWIFT_VERSION = 3.0;
				TARGETED_DEVICE_FAMILY = 1;
			};
			name = Release;
		};
		8C18EEC71F34238D00F5D14D /* Debug */ = {
			isa = XCBuildConfiguration;
			baseConfigurationReference = 913BFB955EC50D9B142130B1 /* Pods-BosqueTests.debug.xcconfig */;
			buildSettings = {
				ALWAYS_EMBED_SWIFT_STANDARD_LIBRARIES = YES;
				BUNDLE_LOADER = "$(TEST_HOST)";
				INFOPLIST_FILE = BosqueTests/Info.plist;
				LD_RUNPATH_SEARCH_PATHS = "$(inherited) @executable_path/Frameworks @loader_path/Frameworks";
				PRODUCT_BUNDLE_IDENTIFIER = br.com.bigbrain.BosqueTests;
				PRODUCT_NAME = "$(TARGET_NAME)";
				SWIFT_VERSION = 3.0;
				TEST_HOST = "$(BUILT_PRODUCTS_DIR)/Bosque.app/Bosque";
			};
			name = Debug;
		};
		8C18EEC81F34238D00F5D14D /* Release */ = {
			isa = XCBuildConfiguration;
			baseConfigurationReference = 306EFE865525595B347D6DEB /* Pods-BosqueTests.release.xcconfig */;
			buildSettings = {
				ALWAYS_EMBED_SWIFT_STANDARD_LIBRARIES = YES;
				BUNDLE_LOADER = "$(TEST_HOST)";
				INFOPLIST_FILE = BosqueTests/Info.plist;
				LD_RUNPATH_SEARCH_PATHS = "$(inherited) @executable_path/Frameworks @loader_path/Frameworks";
				PRODUCT_BUNDLE_IDENTIFIER = br.com.bigbrain.BosqueTests;
				PRODUCT_NAME = "$(TARGET_NAME)";
				SWIFT_VERSION = 3.0;
				TEST_HOST = "$(BUILT_PRODUCTS_DIR)/Bosque.app/Bosque";
			};
			name = Release;
		};
		8C18EECA1F34238D00F5D14D /* Debug */ = {
			isa = XCBuildConfiguration;
			baseConfigurationReference = B886C36977D291F68920371F /* Pods-BosqueUITests.debug.xcconfig */;
			buildSettings = {
				ALWAYS_EMBED_SWIFT_STANDARD_LIBRARIES = YES;
				INFOPLIST_FILE = BosqueUITests/Info.plist;
				LD_RUNPATH_SEARCH_PATHS = "$(inherited) @executable_path/Frameworks @loader_path/Frameworks";
				PRODUCT_BUNDLE_IDENTIFIER = br.com.bigbrain.BosqueUITests;
				PRODUCT_NAME = "$(TARGET_NAME)";
				SWIFT_VERSION = 3.0;
				TEST_TARGET_NAME = Bosque;
			};
			name = Debug;
		};
		8C18EECB1F34238D00F5D14D /* Release */ = {
			isa = XCBuildConfiguration;
			baseConfigurationReference = 41D9BC7F11B987AB0CEF0E54 /* Pods-BosqueUITests.release.xcconfig */;
			buildSettings = {
				ALWAYS_EMBED_SWIFT_STANDARD_LIBRARIES = YES;
				INFOPLIST_FILE = BosqueUITests/Info.plist;
				LD_RUNPATH_SEARCH_PATHS = "$(inherited) @executable_path/Frameworks @loader_path/Frameworks";
				PRODUCT_BUNDLE_IDENTIFIER = br.com.bigbrain.BosqueUITests;
				PRODUCT_NAME = "$(TARGET_NAME)";
				SWIFT_VERSION = 3.0;
				TEST_TARGET_NAME = Bosque;
			};
			name = Release;
		};
/* End XCBuildConfiguration section */

/* Begin XCConfigurationList section */
		8C18EE961F34238B00F5D14D /* Build configuration list for PBXProject "Bosque" */ = {
			isa = XCConfigurationList;
			buildConfigurations = (
				8C18EEC11F34238D00F5D14D /* Debug */,
				8C18EEC21F34238D00F5D14D /* Release */,
			);
			defaultConfigurationIsVisible = 0;
			defaultConfigurationName = Release;
		};
		8C18EEC31F34238D00F5D14D /* Build configuration list for PBXNativeTarget "Bosque" */ = {
			isa = XCConfigurationList;
			buildConfigurations = (
				8C18EEC41F34238D00F5D14D /* Debug */,
				8C18EEC51F34238D00F5D14D /* Release */,
			);
			defaultConfigurationIsVisible = 0;
			defaultConfigurationName = Release;
		};
		8C18EEC61F34238D00F5D14D /* Build configuration list for PBXNativeTarget "BosqueTests" */ = {
			isa = XCConfigurationList;
			buildConfigurations = (
				8C18EEC71F34238D00F5D14D /* Debug */,
				8C18EEC81F34238D00F5D14D /* Release */,
			);
			defaultConfigurationIsVisible = 0;
			defaultConfigurationName = Release;
		};
		8C18EEC91F34238D00F5D14D /* Build configuration list for PBXNativeTarget "BosqueUITests" */ = {
			isa = XCConfigurationList;
			buildConfigurations = (
				8C18EECA1F34238D00F5D14D /* Debug */,
				8C18EECB1F34238D00F5D14D /* Release */,
			);
			defaultConfigurationIsVisible = 0;
			defaultConfigurationName = Release;
		};
/* End XCConfigurationList section */
	};
	rootObject = 8C18EE931F34238B00F5D14D /* Project object */;
}
